
Microsoft Visual Studio Solution File, Format Version 12.00
# Visual Studio 2013
VisualStudioVersion = 12.0.40629.0
MinimumVisualStudioVersion = 10.0.40219.1
Project("{FAE04EC0-301F-11D3-BF4B-00C04F79EFBC}") = "miniproject_social", "miniproject_social\miniproject_social.csproj", "{B1A8EAFC-9BA0-4015-BCDA-378C821C65CA}"
EndProject
Project("{2150E333-8FDC-42A3-9474-1A3956D46DE8}") = ".nuget", ".nuget", "{EC429882-2C07-46BE-A54F-68FD4C99DEF0}"
	ProjectSection(SolutionItems) = preProject
		.nuget\packages.config = .nuget\packages.config
	EndProjectSection
EndProject
Global
	GlobalSection(SolutionConfigurationPlatforms) = preSolution
		Debug|Any CPU = Debug|Any CPU
		Release|Any CPU = Release|Any CPU
	EndGlobalSection
	GlobalSection(ProjectConfigurationPlatforms) = postSolution
		{B1A8EAFC-9BA0-4015-BCDA-378C821C65CA}.Debug|Any CPU.ActiveCfg = Debug|Any CPU
		{B1A8EAFC-9BA0-4015-BCDA-378C821C65CA}.Debug|Any CPU.Build.0 = Debug|Any CPU
		{B1A8EAFC-9BA0-4015-BCDA-378C821C65CA}.Release|Any CPU.ActiveCfg = Release|Any CPU
		{B1A8EAFC-9BA0-4015-BCDA-378C821C65CA}.Release|Any CPU.Build.0 = Release|Any CPU
	EndGlobalSection
	GlobalSection(SolutionProperties) = preSolution
		HideSolutionNode = FALSE
	EndGlobalSection
EndGlobal
